<?xml version="1.0" encoding="utf-8"?>
<Project ToolsVersion="4.0" xmlns="http://schemas.microsoft.com/developer/msbuild/2003">
  <ItemGroup>
    <Filter Include="Source Files">
      <UniqueIdentifier>{4FC737F1-C7A5-4376-A066-2A32D752A2FF}</UniqueIdentifier>
      <Extensions>cpp;c;cc;cxx;def;odl;idl;hpj;bat;asm;asmx</Extensions>
    </Filter>
    <Filter Include="Header Files">
      <UniqueIdentifier>{93995380-89BD-4b04-88EB-625FBE52EBFB}</UniqueIdentifier>
      <Extensions>h;hpp;hxx;hm;inl;inc;xsd</Extensions>
    </Filter>
  </ItemGroup>
  <ItemGroup>
    <ClCompile Include="src\Main.cpp">
      <Filter>Source Files</Filter>
    </ClCompile>
    <ClCompile Include="src\Codeword.cpp">
      <Filter>Source Files</Filter>
    </ClCompile>
    <ClCompile Include="src\Compare.cpp">
      <Filter>Source Files</Filter>
    </ClCompile>
    <ClCompile Include="src\Enumerate.cpp">
      <Filter>Source Files</Filter>
    </ClCompile>
    <ClCompile Include="src\Test.cpp">
      <Filter>Source Files</Filter>
    </ClCompile>
    <ClCompile Include="src\CallCounter.cpp">
      <Filter>Source Files</Filter>
    </ClCompile>
    <ClCompile Include="src\CpuInfo.cpp">
      <Filter>Source Files</Filter>
    </ClCompile>
    <ClCompile Include="src\Feedback.cpp">
      <Filter>Source Files</Filter>
    </ClCompile>
    <ClCompile Include="src\HRTimer.cpp">
      <Filter>Source Files</Filter>
    </ClCompile>
    <ClCompile Include="src\MMConfig.cpp">
      <Filter>Source Files</Filter>
    </ClCompile>
    <ClCompile Include="src\Scan.cpp">
      <Filter>Source Files</Filter>
    </ClCompile>
    <ClCompile Include="src\Frequency.cpp">
      <Filter>Source Files</Filter>
    </ClCompile>
    <ClCompile Include="src\StrategyTree.cpp">
      <Filter>Source Files</Filter>
    </ClCompile>
  </ItemGroup>
  <ItemGroup>
    <ClInclude Include="src\Codeword.h">
      <Filter>Header Files</Filter>
    </ClInclude>
    <ClInclude Include="src\Enumerate.h">
      <Filter>Header Files</Filter>
    </ClInclude>
    <ClInclude Include="src\Test.h">
      <Filter>Header Files</Filter>
    </ClInclude>
    <ClInclude Include="src\Compare.h">
      <Filter>Header Files</Filter>
    </ClInclude>
    <ClInclude Include="src\CpuInfo.h">
      <Filter>Header Files</Filter>
    </ClInclude>
    <ClInclude Include="src\Feedback.h">
      <Filter>Header Files</Filter>
    </ClInclude>
    <ClInclude Include="src\HRTimer.h">
      <Filter>Header Files</Filter>
    </ClInclude>
    <ClInclude Include="src\MMConfig.h">
      <Filter>Header Files</Filter>
    </ClInclude>
    <ClInclude Include="src\RoutineSelector.h">
      <Filter>Header Files</Filter>
    </ClInclude>
    <ClInclude Include="src\Scan.h">
      <Filter>Header Files</Filter>
    </ClInclude>
    <ClInclude Include="src\CallCounter.h">
      <Filter>Header Files</Filter>
    </ClInclude>
    <ClInclude Include="src\FifoMemoryManager.h">
      <Filter>Header Files</Filter>
    </ClInclude>
    <ClInclude Include="src\Frequency.h">
      <Filter>Header Files</Filter>
    </ClInclude>
    <ClInclude Include="src\PoolMemoryManager.h">
      <Filter>Header Files</Filter>
    </ClInclude>
    <ClInclude Include="src\StrategyTree.h">
      <Filter>Header Files</Filter>
    </ClInclude>
    <ClInclude Include="src\CodewordRules.hpp">
      <Filter>Header Files</Filter>
    </ClInclude>
    <ClInclude Include="src\Codeword.hpp">
      <Filter>Header Files</Filter>
    </ClInclude>
  </ItemGroup>
</Project>