<?xml version="1.0" encoding="utf-8"?>
<Project ToolsVersion="4.0" xmlns="http://schemas.microsoft.com/developer/msbuild/2003">
  <ItemGroup>
    <Filter Include="Strategies">
      <UniqueIdentifier>{681bc43e-9dc8-4103-beae-f217c03e5829}</UniqueIdentifier>
    </Filter>
    <Filter Include="Utilities">
      <UniqueIdentifier>{50a2b6a0-8c20-4166-a432-cc13ee5831af}</UniqueIdentifier>
    </Filter>
    <Filter Include="Algorithms">
      <UniqueIdentifier>{d2d28458-e564-423e-8824-49ce9ac8868f}</UniqueIdentifier>
    </Filter>
    <Filter Include="Types">
      <UniqueIdentifier>{1bea9f38-527f-4f26-a590-106a3a0f46dd}</UniqueIdentifier>
    </Filter>
    <Filter Include="Program">
      <UniqueIdentifier>{7709fbe0-4060-4931-bf27-aa14d15d557d}</UniqueIdentifier>
    </Filter>
  </ItemGroup>
  <ItemGroup>
    <ClCompile Include="src\CodeBreaker.cpp">
      <Filter>Strategies</Filter>
    </ClCompile>
    <ClCompile Include="src\SimpleCodeBreaker.cpp">
      <Filter>Strategies</Filter>
    </ClCompile>
    <ClCompile Include="src\Compare.cpp">
      <Filter>Algorithms</Filter>
    </ClCompile>
    <ClCompile Include="src\CallCounter.cpp">
      <Filter>Utilities</Filter>
    </ClCompile>
    <ClCompile Include="src\Codeword.cpp">
      <Filter>Types</Filter>
    </ClCompile>
    <ClCompile Include="src\Frequency.cpp">
      <Filter>Algorithms</Filter>
    </ClCompile>
    <ClCompile Include="src\StrategyTree.cpp">
      <Filter>Types</Filter>
    </ClCompile>
    <ClCompile Include="src\Main.cpp">
      <Filter>Program</Filter>
    </ClCompile>
    <ClCompile Include="src\Test.cpp">
      <Filter>Program</Filter>
    </ClCompile>
    <ClCompile Include="src\Interactive.cpp">
      <Filter>Program</Filter>
    </ClCompile>
    <ClCompile Include="src\Generation.cpp">
      <Filter>Algorithms</Filter>
    </ClCompile>
    <ClCompile Include="src\Equivalence.cpp">
      <Filter>Algorithms</Filter>
    </ClCompile>
    <ClCompile Include="src\Mask.cpp">
      <Filter>Algorithms</Filter>
    </ClCompile>
    <ClCompile Include="src\Engine.cpp">
      <Filter>Algorithms</Filter>
    </ClCompile>
  </ItemGroup>
  <ItemGroup>
    <ClInclude Include="src\SimpleCodeBreaker.hpp">
      <Filter>Strategies</Filter>
    </ClInclude>
    <ClInclude Include="src\OptimalCodeBreaker.hpp">
      <Filter>Strategies</Filter>
    </ClInclude>
    <ClInclude Include="src\HeuristicCodeBreaker.hpp">
      <Filter>Strategies</Filter>
    </ClInclude>
    <ClInclude Include="src\CodeBreaker.h">
      <Filter>Strategies</Filter>
    </ClInclude>
    <ClInclude Include="src\Algorithm.hpp">
      <Filter>Algorithms</Filter>
    </ClInclude>
    <ClInclude Include="src\Codeword.hpp">
      <Filter>Types</Filter>
    </ClInclude>
    <ClInclude Include="src\CallCounter.h">
      <Filter>Utilities</Filter>
    </ClInclude>
    <ClInclude Include="src\HRTimer.h">
      <Filter>Utilities</Filter>
    </ClInclude>
    <ClInclude Include="src\PoolMemoryManager.h">
      <Filter>Utilities</Filter>
    </ClInclude>
    <ClInclude Include="src\StrategyTree.h">
      <Filter>Types</Filter>
    </ClInclude>
    <ClInclude Include="src\Registry.hpp">
      <Filter>Utilities</Filter>
    </ClInclude>
    <ClInclude Include="src\util\simd.hpp">
      <Filter>Utilities</Filter>
    </ClInclude>
    <ClInclude Include="src\util\frequency_table.hpp">
      <Filter>Utilities</Filter>
    </ClInclude>
    <ClInclude Include="src\util\aligned_allocator.hpp">
      <Filter>Utilities</Filter>
    </ClInclude>
    <ClInclude Include="src\util\intrinsic.hpp">
      <Filter>Utilities</Filter>
    </ClInclude>
    <ClInclude Include="src\Feedback.hpp">
      <Filter>Types</Filter>
    </ClInclude>
    <ClInclude Include="src\util\pool_allocator.hpp">
      <Filter>Utilities</Filter>
    </ClInclude>
    <ClInclude Include="src\Rules.hpp">
      <Filter>Types</Filter>
    </ClInclude>
    <ClInclude Include="src\Engine.hpp">
      <Filter>Algorithms</Filter>
    </ClInclude>
  </ItemGroup>
</Project>