<?xml version="1.0" encoding="utf-8"?>
<Project ToolsVersion="4.0" xmlns="http://schemas.microsoft.com/developer/msbuild/2003">
  <ItemGroup>
    <Filter Include="Strategies">
      <UniqueIdentifier>{681bc43e-9dc8-4103-beae-f217c03e5829}</UniqueIdentifier>
    </Filter>
    <Filter Include="Utilities">
      <UniqueIdentifier>{50a2b6a0-8c20-4166-a432-cc13ee5831af}</UniqueIdentifier>
    </Filter>
    <Filter Include="Algorithms">
      <UniqueIdentifier>{d2d28458-e564-423e-8824-49ce9ac8868f}</UniqueIdentifier>
    </Filter>
    <Filter Include="Types">
      <UniqueIdentifier>{1bea9f38-527f-4f26-a590-106a3a0f46dd}</UniqueIdentifier>
    </Filter>
    <Filter Include="Program">
      <UniqueIdentifier>{7709fbe0-4060-4931-bf27-aa14d15d557d}</UniqueIdentifier>
    </Filter>
    <Filter Include="Equivalence Filters">
      <UniqueIdentifier>{6b147083-c8e5-4a0e-8de0-7199f0ebe6d7}</UniqueIdentifier>
    </Filter>
  </ItemGroup>
  <ItemGroup>
    <ClCompile Include="src\Main.cpp">
      <Filter>Program</Filter>
    </ClCompile>
    <ClCompile Include="src\Test.cpp">
      <Filter>Program</Filter>
    </ClCompile>
    <ClCompile Include="src\Interactive.cpp">
      <Filter>Program</Filter>
    </ClCompile>
    <ClCompile Include="lib\Compare.cpp">
      <Filter>Algorithms</Filter>
    </ClCompile>
    <ClCompile Include="lib\Engine.cpp">
      <Filter>Algorithms</Filter>
    </ClCompile>
    <ClCompile Include="lib\Generation.cpp">
      <Filter>Algorithms</Filter>
    </ClCompile>
    <ClCompile Include="lib\Mask.cpp">
      <Filter>Algorithms</Filter>
    </ClCompile>
    <ClCompile Include="lib\ColorEquivalence.cpp">
      <Filter>Equivalence Filters</Filter>
    </ClCompile>
    <ClCompile Include="lib\ConstraintEquivalence.cpp">
      <Filter>Equivalence Filters</Filter>
    </ClCompile>
    <ClCompile Include="lib\DummyEquivalenceFilter.cpp">
      <Filter>Equivalence Filters</Filter>
    </ClCompile>
    <ClCompile Include="lib\Codeword.cpp">
      <Filter>Types</Filter>
    </ClCompile>
    <ClCompile Include="lib\StrategyTree.cpp">
      <Filter>Types</Filter>
    </ClCompile>
    <ClCompile Include="lib\CodeBreaker.cpp">
      <Filter>Strategies</Filter>
    </ClCompile>
    <ClCompile Include="lib\ObviousStrategy.cpp">
      <Filter>Strategies</Filter>
    </ClCompile>
    <ClCompile Include="lib\OptimalCodeBreaker.cpp">
      <Filter>Strategies</Filter>
    </ClCompile>
  </ItemGroup>
  <ItemGroup>
    <ClInclude Include="src\Benchmark.hpp">
      <Filter>Program</Filter>
    </ClInclude>
    <ClInclude Include="lib\util\aligned_allocator.hpp">
      <Filter>Utilities</Filter>
    </ClInclude>
    <ClInclude Include="lib\util\bitmask.hpp">
      <Filter>Utilities</Filter>
    </ClInclude>
    <ClInclude Include="lib\util\call_counter.hpp">
      <Filter>Utilities</Filter>
    </ClInclude>
    <ClInclude Include="lib\util\choose.hpp">
      <Filter>Utilities</Filter>
    </ClInclude>
    <ClInclude Include="lib\util\frequency_table.hpp">
      <Filter>Utilities</Filter>
    </ClInclude>
    <ClInclude Include="lib\util\hr_timer.hpp">
      <Filter>Utilities</Filter>
    </ClInclude>
    <ClInclude Include="lib\util\intrinsic.hpp">
      <Filter>Utilities</Filter>
    </ClInclude>
    <ClInclude Include="lib\util\io_format.hpp">
      <Filter>Utilities</Filter>
    </ClInclude>
    <ClInclude Include="lib\util\partition.hpp">
      <Filter>Utilities</Filter>
    </ClInclude>
    <ClInclude Include="lib\util\range.hpp">
      <Filter>Utilities</Filter>
    </ClInclude>
    <ClInclude Include="lib\util\simd.hpp">
      <Filter>Utilities</Filter>
    </ClInclude>
    <ClInclude Include="lib\util\simple_tree.hpp">
      <Filter>Utilities</Filter>
    </ClInclude>
    <ClInclude Include="lib\util\wrapped_float.hpp">
      <Filter>Utilities</Filter>
    </ClInclude>
    <ClInclude Include="lib\Algorithm.hpp">
      <Filter>Algorithms</Filter>
    </ClInclude>
    <ClInclude Include="lib\Engine.hpp">
      <Filter>Algorithms</Filter>
    </ClInclude>
    <ClInclude Include="lib\Equivalence.hpp">
      <Filter>Equivalence Filters</Filter>
    </ClInclude>
    <ClInclude Include="lib\Codeword.hpp">
      <Filter>Types</Filter>
    </ClInclude>
    <ClInclude Include="lib\Feedback.hpp">
      <Filter>Types</Filter>
    </ClInclude>
    <ClInclude Include="lib\Permutation.hpp">
      <Filter>Types</Filter>
    </ClInclude>
    <ClInclude Include="lib\Rules.hpp">
      <Filter>Types</Filter>
    </ClInclude>
    <ClInclude Include="lib\StrategyTree.hpp">
      <Filter>Types</Filter>
    </ClInclude>
    <ClInclude Include="lib\CodeBreaker.hpp">
      <Filter>Strategies</Filter>
    </ClInclude>
    <ClInclude Include="lib\Heuristics.hpp">
      <Filter>Strategies</Filter>
    </ClInclude>
    <ClInclude Include="lib\HeuristicStrategy.hpp">
      <Filter>Strategies</Filter>
    </ClInclude>
    <ClInclude Include="lib\ObviousStrategy.hpp">
      <Filter>Strategies</Filter>
    </ClInclude>
    <ClInclude Include="lib\OptimalStrategy.hpp">
      <Filter>Strategies</Filter>
    </ClInclude>
    <ClInclude Include="lib\SimpleStrategy.hpp">
      <Filter>Strategies</Filter>
    </ClInclude>
    <ClInclude Include="lib\Strategy.hpp">
      <Filter>Strategies</Filter>
    </ClInclude>
  </ItemGroup>
  <ItemGroup>
    <None Include="Doxyfile" />
    <None Include="COPYING" />
    <None Include="README" />
    <None Include="TODO" />
  </ItemGroup>
</Project>